
Microsoft Visual Studio Solution File, Format Version 12.00
# Visual Studio Version 17
VisualStudioVersion = 17.3.32819.101
MinimumVisualStudioVersion = 10.0.40219.1
Project("{FAE04EC0-301F-11D3-BF4B-00C04F79EFBC}") = "StacksAndQuesues", "StacksAndQuesues\StacksAndQuesues.csproj", "{6C6B4999-5893-4929-BE3A-F587DF92E4B5}"
EndProject
Global
	GlobalSection(SolutionConfigurationPlatforms) = preSolution
		Debug|Any CPU = Debug|Any CPU
		Release|Any CPU = Release|Any CPU
	EndGlobalSection
	GlobalSection(ProjectConfigurationPlatforms) = postSolution
		{6C6B4999-5893-4929-BE3A-F587DF92E4B5}.Debug|Any CPU.ActiveCfg = Debug|Any CPU
		{6C6B4999-5893-4929-BE3A-F587DF92E4B5}.Debug|Any CPU.Build.0 = Debug|Any CPU
		{6C6B4999-5893-4929-BE3A-F587DF92E4B5}.Release|Any CPU.ActiveCfg = Release|Any CPU
		{6C6B4999-5893-4929-BE3A-F587DF92E4B5}.Release|Any CPU.Build.0 = Release|Any CPU
	EndGlobalSection
	GlobalSection(SolutionProperties) = preSolution
		HideSolutionNode = FALSE
	EndGlobalSection
	GlobalSection(ExtensibilityGlobals) = postSolution
		SolutionGuid = {FB883A8B-0ACE-4E53-A04E-BDBDB09A6658}
	EndGlobalSection
EndGlobal
